
Microsoft Visual Studio Solution File, Format Version 12.00
# Visual Studio Version 16
VisualStudioVersion = 16.0.30611.23
MinimumVisualStudioVersion = 10.0.40219.1
Project("{FAE04EC0-301F-11D3-BF4B-00C04F79EFBC}") = "AzFuncBackupFolder", "AzFuncBackupFolder\AzFuncBackupFolder.csproj", "{DD66FCF7-2F52-4D2F-B618-DF8D550F44F7}"
EndProject
Global
	GlobalSection(SolutionConfigurationPlatforms) = preSolution
		Debug|Any CPU = Debug|Any CPU
		Release|Any CPU = Release|Any CPU
	EndGlobalSection
	GlobalSection(ProjectConfigurationPlatforms) = postSolution
		{DD66FCF7-2F52-4D2F-B618-DF8D550F44F7}.Debug|Any CPU.ActiveCfg = Debug|Any CPU
		{DD66FCF7-2F52-4D2F-B618-DF8D550F44F7}.Debug|Any CPU.Build.0 = Debug|Any CPU
		{DD66FCF7-2F52-4D2F-B618-DF8D550F44F7}.Release|Any CPU.ActiveCfg = Release|Any CPU
		{DD66FCF7-2F52-4D2F-B618-DF8D550F44F7}.Release|Any CPU.Build.0 = Release|Any CPU
	EndGlobalSection
	GlobalSection(SolutionProperties) = preSolution
		HideSolutionNode = FALSE
	EndGlobalSection
	GlobalSection(ExtensibilityGlobals) = postSolution
		SolutionGuid = {5F073513-AC07-4713-9E04-7D9CB3942CA8}
	EndGlobalSection
EndGlobal
